# THIS IS AN AUTOGENERATED FILE. DO NOT EDIT THIS FILE DIRECTLY.
# yarn lockfile v1


"@types/k6@^0.26.1":
  version "0.26.1"
  resolved "https://registry.yarnpkg.com/@types/k6/-/k6-0.26.1.tgz#f6fbef5be4eef92de49e64b702f5f4a225b8ec22"
  integrity sha512-481A/jhFgYk0bL49kqMD/fEcnLUT6wJhtw8+lGBxB57OPNJMviIOfCylc0ng1jnXaiQad7BWXklB3Tg7epL6Mg==
